// !$*UTF8*$!
{
	archiveVersion = 1;
	classes = {
	};
	objectVersion = 77;
	objects = {

/* Begin PBXBuildFile section */
		BBADA10B2EB402DA006B5279 /* UIKitNavigation in Frameworks */ = {isa = PBXBuildFile; productRef = BBADA10A2EB402DA006B5279 /* UIKitNavigation */; };
/* End PBXBuildFile section */

/* Begin PBXContainerItemProxy section */
		BBF1FD022EB3EA270078AE4B /* PBXContainerItemProxy */ = {
			isa = PBXContainerItemProxy;
			containerPortal = BBF1FCEC2EB3EA260078AE4B /* Project object */;
			proxyType = 1;
			remoteGlobalIDString = BBF1FCF32EB3EA260078AE4B;
			remoteInfo = WiFiSettings;
		};
		BBF1FD0C2EB3EA270078AE4B /* PBXContainerItemProxy */ = {
			isa = PBXContainerItemProxy;
			containerPortal = BBF1FCEC2EB3EA260078AE4B /* Project object */;
			proxyType = 1;
			remoteGlobalIDString = BBF1FCF32EB3EA260078AE4B;
			remoteInfo = WiFiSettings;
		};
/* End PBXContainerItemProxy section */

/* Begin PBXFileReference section */
		BBF1FCF42EB3EA260078AE4B /* WiFiSettings.app */ = {isa = PBXFileReference; explicitFileType = wrapper.application; includeInIndex = 0; path = WiFiSettings.app; sourceTree = BUILT_PRODUCTS_DIR; };
		BBF1FD012EB3EA270078AE4B /* WiFiSettingsTests.xctest */ = {isa = PBXFileReference; explicitFileType = wrapper.cfbundle; includeInIndex = 0; path = WiFiSettingsTests.xctest; sourceTree = BUILT_PRODUCTS_DIR; };
		BBF1FD0B2EB3EA270078AE4B /* WiFiSettingsUITests.xctest */ = {isa = PBXFileReference; explicitFileType = wrapper.cfbundle; includeInIndex = 0; path = WiFiSettingsUITests.xctest; sourceTree = BUILT_PRODUCTS_DIR; };
/* End PBXFileReference section */

/* Begin PBXFileSystemSynchronizedRootGroup section */
		BBF1FCF62EB3EA260078AE4B /* WiFiSettings */ = {
			isa = PBXFileSystemSynchronizedRootGroup;
			path = WiFiSettings;
			sourceTree = "<group>";
		};
		BBF1FD042EB3EA270078AE4B /* WiFiSettingsTests */ = {
			isa = PBXFileSystemSynchronizedRootGroup;
			path = WiFiSettingsTests;
			sourceTree = "<group>";
		};
		BBF1FD0E2EB3EA270078AE4B /* WiFiSettingsUITests */ = {
			isa = PBXFileSystemSynchronizedRootGroup;
			path = WiFiSettingsUITests;
			sourceTree = "<group>";
		};
/* End PBXFileSystemSynchronizedRootGroup section */

/* Begin PBXFrameworksBuildPhase section */
		BBF1FCF12EB3EA260078AE4B /* Frameworks */ = {
			isa = PBXFrameworksBuildPhase;
			buildActionMask = 2147483647;
			files = (
				BBADA10B2EB402DA006B5279 /* UIKitNavigation in Frameworks */,
			);
			runOnlyForDeploymentPostprocessing = 0;
		};
		BBF1FCFE2EB3EA270078AE4B /* Frameworks */ = {
			isa = PBXFrameworksBuildPhase;
			buildActionMask = 2147483647;
			files = (
			);
			runOnlyForDeploymentPostprocessing = 0;
		};
		BBF1FD082EB3EA270078AE4B /* Frameworks */ = {
			isa = PBXFrameworksBuildPhase;
			buildActionMask = 2147483647;
			files = (
			);
			runOnlyForDeploymentPostprocessing = 0;
		};
/* End PBXFrameworksBuildPhase section */

/* Begin PBXGroup section */
		BBADA10C2EB4041D006B5279 /* Frameworks */ = {
			isa = PBXGroup;
			children = (
			);
			name = Frameworks;
			sourceTree = "<group>";
		};
		BBF1FCEB2EB3EA260078AE4B = {
			isa = PBXGroup;
			children = (
				BBF1FCF62EB3EA260078AE4B /* WiFiSettings */,
				BBF1FD042EB3EA270078AE4B /* WiFiSettingsTests */,
				BBF1FD0E2EB3EA270078AE4B /* WiFiSettingsUITests */,
				BBADA10C2EB4041D006B5279 /* Frameworks */,
				BBF1FCF52EB3EA260078AE4B /* Products */,
			);
			sourceTree = "<group>";
		};
		BBF1FCF52EB3EA260078AE4B /* Products */ = {
			isa = PBXGroup;
			children = (
				BBF1FCF42EB3EA260078AE4B /* WiFiSettings.app */,
				BBF1FD012EB3EA270078AE4B /* WiFiSettingsTests.xctest */,
				BBF1FD0B2EB3EA270078AE4B /* WiFiSettingsUITests.xctest */,
			);
			name = Products;
			sourceTree = "<group>";
		};
/* End PBXGroup section */

/* Begin PBXNativeTarget section */
		BBF1FCF32EB3EA260078AE4B /* WiFiSettings */ = {
			isa = PBXNativeTarget;
			buildConfigurationList = BBF1FD152EB3EA270078AE4B /* Build configuration list for PBXNativeTarget "WiFiSettings" */;
			buildPhases = (
				BBF1FCF02EB3EA260078AE4B /* Sources */,
				BBF1FCF12EB3EA260078AE4B /* Frameworks */,
				BBF1FCF22EB3EA260078AE4B /* Resources */,
			);
			buildRules = (
			);
			dependencies = (
			);
			fileSystemSynchronizedGroups = (
				BBF1FCF62EB3EA260078AE4B /* WiFiSettings */,
			);
			name = WiFiSettings;
			packageProductDependencies = (
				BBADA10A2EB402DA006B5279 /* UIKitNavigation */,
			);
			productName = WiFiSettings;
			productReference = BBF1FCF42EB3EA260078AE4B /* WiFiSettings.app */;
			productType = "com.apple.product-type.application";
		};
		BBF1FD002EB3EA270078AE4B /* WiFiSettingsTests */ = {
			isa = PBXNativeTarget;
			buildConfigurationList = BBF1FD182EB3EA270078AE4B /* Build configuration list for PBXNativeTarget "WiFiSettingsTests" */;
			buildPhases = (
				BBF1FCFD2EB3EA270078AE4B /* Sources */,
				BBF1FCFE2EB3EA270078AE4B /* Frameworks */,
				BBF1FCFF2EB3EA270078AE4B /* Resources */,
			);
			buildRules = (
			);
			dependencies = (
				BBF1FD032EB3EA270078AE4B /* PBXTargetDependency */,
			);
			fileSystemSynchronizedGroups = (
				BBF1FD042EB3EA270078AE4B /* WiFiSettingsTests */,
			);
			name = WiFiSettingsTests;
			packageProductDependencies = (
			);
			productName = WiFiSettingsTests;
			productReference = BBF1FD012EB3EA270078AE4B /* WiFiSettingsTests.xctest */;
			productType = "com.apple.product-type.bundle.unit-test";
		};
		BBF1FD0A2EB3EA270078AE4B /* WiFiSettingsUITests */ = {
			isa = PBXNativeTarget;
			buildConfigurationList = BBF1FD1B2EB3EA270078AE4B /* Build configuration list for PBXNativeTarget "WiFiSettingsUITests" */;
			buildPhases = (
				BBF1FD072EB3EA270078AE4B /* Sources */,
				BBF1FD082EB3EA270078AE4B /* Frameworks */,
				BBF1FD092EB3EA270078AE4B /* Resources */,
			);
			buildRules = (
			);
			dependencies = (
				BBF1FD0D2EB3EA270078AE4B /* PBXTargetDependency */,
			);
			fileSystemSynchronizedGroups = (
				BBF1FD0E2EB3EA270078AE4B /* WiFiSettingsUITests */,
			);
			name = WiFiSettingsUITests;
			packageProductDependencies = (
			);
			productName = WiFiSettingsUITests;
			productReference = BBF1FD0B2EB3EA270078AE4B /* WiFiSettingsUITests.xctest */;
			productType = "com.apple.product-type.bundle.ui-testing";
		};
/* End PBXNativeTarget section */

/* Begin PBXProject section */
		BBF1FCEC2EB3EA260078AE4B /* Project object */ = {
			isa = PBXProject;
			attributes = {
				BuildIndependentTargetsInParallel = 1;
				LastSwiftUpdateCheck = 2600;
				LastUpgradeCheck = 2600;
				TargetAttributes = {
					BBF1FCF32EB3EA260078AE4B = {
						CreatedOnToolsVersion = 26.0.1;
					};
					BBF1FD002EB3EA270078AE4B = {
						CreatedOnToolsVersion = 26.0.1;
						TestTargetID = BBF1FCF32EB3EA260078AE4B;
					};
					BBF1FD0A2EB3EA270078AE4B = {
						CreatedOnToolsVersion = 26.0.1;
						TestTargetID = BBF1FCF32EB3EA260078AE4B;
					};
				};
			};
			buildConfigurationList = BBF1FCEF2EB3EA260078AE4B /* Build configuration list for PBXProject "WiFiSettings" */;
			developmentRegion = en;
			hasScannedForEncodings = 0;
			knownRegions = (
				en,
				Base,
			);
			mainGroup = BBF1FCEB2EB3EA260078AE4B;
			minimizedProjectReferenceProxies = 1;
			packageReferences = (
				BBADA1092EB402DA006B5279 /* XCRemoteSwiftPackageReference "swift-navigation" */,
			);
			preferredProjectObjectVersion = 77;
			productRefGroup = BBF1FCF52EB3EA260078AE4B /* Products */;
			projectDirPath = "";
			projectRoot = "";
			targets = (
				BBF1FCF32EB3EA260078AE4B /* WiFiSettings */,
				BBF1FD002EB3EA270078AE4B /* WiFiSettingsTests */,
				BBF1FD0A2EB3EA270078AE4B /* WiFiSettingsUITests */,
			);
		};
/* End PBXProject section */

/* Begin PBXResourcesBuildPhase section */
		BBF1FCF22EB3EA260078AE4B /* Resources */ = {
			isa = PBXResourcesBuildPhase;
			buildActionMask = 2147483647;
			files = (
			);
			runOnlyForDeploymentPostprocessing = 0;
		};
		BBF1FCFF2EB3EA270078AE4B /* Resources */ = {
			isa = PBXResourcesBuildPhase;
			buildActionMask = 2147483647;
			files = (
			);
			runOnlyForDeploymentPostprocessing = 0;
		};
		BBF1FD092EB3EA270078AE4B /* Resources */ = {
			isa = PBXResourcesBuildPhase;
			buildActionMask = 2147483647;
			files = (
			);
			runOnlyForDeploymentPostprocessing = 0;
		};
/* End PBXResourcesBuildPhase section */

/* Begin PBXSourcesBuildPhase section */
		BBF1FCF02EB3EA260078AE4B /* Sources */ = {
			isa = PBXSourcesBuildPhase;
			buildActionMask = 2147483647;
			files = (
			);
			runOnlyForDeploymentPostprocessing = 0;
		};
		BBF1FCFD2EB3EA270078AE4B /* Sources */ = {
			isa = PBXSourcesBuildPhase;
			buildActionMask = 2147483647;
			files = (
			);
			runOnlyForDeploymentPostprocessing = 0;
		};
		BBF1FD072EB3EA270078AE4B /* Sources */ = {
			isa = PBXSourcesBuildPhase;
			buildActionMask = 2147483647;
			files = (
			);
			runOnlyForDeploymentPostprocessing = 0;
		};
/* End PBXSourcesBuildPhase section */

/* Begin PBXTargetDependency section */
		BBF1FD032EB3EA270078AE4B /* PBXTargetDependency */ = {
			isa = PBXTargetDependency;
			target = BBF1FCF32EB3EA260078AE4B /* WiFiSettings */;
			targetProxy = BBF1FD022EB3EA270078AE4B /* PBXContainerItemProxy */;
		};
		BBF1FD0D2EB3EA270078AE4B /* PBXTargetDependency */ = {
			isa = PBXTargetDependency;
			target = BBF1FCF32EB3EA260078AE4B /* WiFiSettings */;
			targetProxy = BBF1FD0C2EB3EA270078AE4B /* PBXContainerItemProxy */;
		};
/* End PBXTargetDependency section */

/* Begin XCBuildConfiguration section */
		BBF1FD132EB3EA270078AE4B /* Debug */ = {
			isa = XCBuildConfiguration;
			buildSettings = {
				ALWAYS_SEARCH_USER_PATHS = NO;
				ASSETCATALOG_COMPILER_GENERATE_SWIFT_ASSET_SYMBOL_EXTENSIONS = YES;
				CLANG_ANALYZER_NONNULL = YES;
				CLANG_ANALYZER_NUMBER_OBJECT_CONVERSION = YES_AGGRESSIVE;
				CLANG_CXX_LANGUAGE_STANDARD = "gnu++20";
				CLANG_ENABLE_MODULES = YES;
				CLANG_ENABLE_OBJC_ARC = YES;
				CLANG_ENABLE_OBJC_WEAK = YES;
				CLANG_WARN_BLOCK_CAPTURE_AUTORELEASING = YES;
				CLANG_WARN_BOOL_CONVERSION = YES;
				CLANG_WARN_COMMA = YES;
				CLANG_WARN_CONSTANT_CONVERSION = YES;
				CLANG_WARN_DEPRECATED_OBJC_IMPLEMENTATIONS = YES;
				CLANG_WARN_DIRECT_OBJC_ISA_USAGE = YES_ERROR;
				CLANG_WARN_DOCUMENTATION_COMMENTS = YES;
				CLANG_WARN_EMPTY_BODY = YES;
				CLANG_WARN_ENUM_CONVERSION = YES;
				CLANG_WARN_INFINITE_RECURSION = YES;
				CLANG_WARN_INT_CONVERSION = YES;
				CLANG_WARN_NON_LITERAL_NULL_CONVERSION = YES;
				CLANG_WARN_OBJC_IMPLICIT_RETAIN_SELF = YES;
				CLANG_WARN_OBJC_LITERAL_CONVERSION = YES;
				CLANG_WARN_OBJC_ROOT_CLASS = YES_ERROR;
				CLANG_WARN_QUOTED_INCLUDE_IN_FRAMEWORK_HEADER = YES;
				CLANG_WARN_RANGE_LOOP_ANALYSIS = YES;
				CLANG_WARN_STRICT_PROTOTYPES = YES;
				CLANG_WARN_SUSPICIOUS_MOVE = YES;
				CLANG_WARN_UNGUARDED_AVAILABILITY = YES_AGGRESSIVE;
				CLANG_WARN_UNREACHABLE_CODE = YES;
				CLANG_WARN__DUPLICATE_METHOD_MATCH = YES;
				COPY_PHASE_STRIP = NO;
				DEBUG_INFORMATION_FORMAT = dwarf;
				ENABLE_STRICT_OBJC_MSGSEND = YES;
				ENABLE_TESTABILITY = YES;
				ENABLE_USER_SCRIPT_SANDBOXING = YES;
				GCC_C_LANGUAGE_STANDARD = gnu17;
				GCC_DYNAMIC_NO_PIC = NO;
				GCC_NO_COMMON_BLOCKS = YES;
				GCC_OPTIMIZATION_LEVEL = 0;
				GCC_PREPROCESSOR_DEFINITIONS = (
					"DEBUG=1",
					"$(inherited)",
				);
				GCC_WARN_64_TO_32_BIT_CONVERSION = YES;
				GCC_WARN_ABOUT_RETURN_TYPE = YES_ERROR;
				GCC_WARN_UNDECLARED_SELECTOR = YES;
				GCC_WARN_UNINITIALIZED_AUTOS = YES_AGGRESSIVE;
				GCC_WARN_UNUSED_FUNCTION = YES;
				GCC_WARN_UNUSED_VARIABLE = YES;
				IPHONEOS_DEPLOYMENT_TARGET = 26.0;
				LOCALIZATION_PREFERS_STRING_CATALOGS = YES;
				MTL_ENABLE_DEBUG_INFO = INCLUDE_SOURCE;
				MTL_FAST_MATH = YES;
				ONLY_ACTIVE_ARCH = YES;
				SDKROOT = iphoneos;
				SWIFT_ACTIVE_COMPILATION_CONDITIONS = "DEBUG $(inherited)";
				SWIFT_OPTIMIZATION_LEVEL = "-Onone";
			};
			name = Debug;
		};
		BBF1FD142EB3EA270078AE4B /* Release */ = {
			isa = XCBuildConfiguration;
			buildSettings = {
				ALWAYS_SEARCH_USER_PATHS = NO;
				ASSETCATALOG_COMPILER_GENERATE_SWIFT_ASSET_SYMBOL_EXTENSIONS = YES;
				CLANG_ANALYZER_NONNULL = YES;
				CLANG_ANALYZER_NUMBER_OBJECT_CONVERSION = YES_AGGRESSIVE;
				CLANG_CXX_LANGUAGE_STANDARD = "gnu++20";
				CLANG_ENABLE_MODULES = YES;
				CLANG_ENABLE_OBJC_ARC = YES;
				CLANG_ENABLE_OBJC_WEAK = YES;
				CLANG_WARN_BLOCK_CAPTURE_AUTORELEASING = YES;
				CLANG_WARN_BOOL_CONVERSION = YES;
				CLANG_WARN_COMMA = YES;
				CLANG_WARN_CONSTANT_CONVERSION = YES;
				CLANG_WARN_DEPRECATED_OBJC_IMPLEMENTATIONS = YES;
				CLANG_WARN_DIRECT_OBJC_ISA_USAGE = YES_ERROR;
				CLANG_WARN_DOCUMENTATION_COMMENTS = YES;
				CLANG_WARN_EMPTY_BODY = YES;
				CLANG_WARN_ENUM_CONVERSION = YES;
				CLANG_WARN_INFINITE_RECURSION = YES;
				CLANG_WARN_INT_CONVERSION = YES;
				CLANG_WARN_NON_LITERAL_NULL_CONVERSION = YES;
				CLANG_WARN_OBJC_IMPLICIT_RETAIN_SELF = YES;
				CLANG_WARN_OBJC_LITERAL_CONVERSION = YES;
				CLANG_WARN_OBJC_ROOT_CLASS = YES_ERROR;
				CLANG_WARN_QUOTED_INCLUDE_IN_FRAMEWORK_HEADER = YES;
				CLANG_WARN_RANGE_LOOP_ANALYSIS = YES;
				CLANG_WARN_STRICT_PROTOTYPES = YES;
				CLANG_WARN_SUSPICIOUS_MOVE = YES;
				CLANG_WARN_UNGUARDED_AVAILABILITY = YES_AGGRESSIVE;
				CLANG_WARN_UNREACHABLE_CODE = YES;
				CLANG_WARN__DUPLICATE_METHOD_MATCH = YES;
				COPY_PHASE_STRIP = NO;
				DEBUG_INFORMATION_FORMAT = "dwarf-with-dsym";
				ENABLE_NS_ASSERTIONS = NO;
				ENABLE_STRICT_OBJC_MSGSEND = YES;
				ENABLE_USER_SCRIPT_SANDBOXING = YES;
				GCC_C_LANGUAGE_STANDARD = gnu17;
				GCC_NO_COMMON_BLOCKS = YES;
				GCC_WARN_64_TO_32_BIT_CONVERSION = YES;
				GCC_WARN_ABOUT_RETURN_TYPE = YES_ERROR;
				GCC_WARN_UNDECLARED_SELECTOR = YES;
				GCC_WARN_UNINITIALIZED_AUTOS = YES_AGGRESSIVE;
				GCC_WARN_UNUSED_FUNCTION = YES;
				GCC_WARN_UNUSED_VARIABLE = YES;
				IPHONEOS_DEPLOYMENT_TARGET = 26.0;
				LOCALIZATION_PREFERS_STRING_CATALOGS = YES;
				MTL_ENABLE_DEBUG_INFO = NO;
				MTL_FAST_MATH = YES;
				SDKROOT = iphoneos;
				SWIFT_COMPILATION_MODE = wholemodule;
				VALIDATE_PRODUCT = YES;
			};
			name = Release;
		};
		BBF1FD162EB3EA270078AE4B /* Debug */ = {
			isa = XCBuildConfiguration;
			buildSettings = {
				ASSETCATALOG_COMPILER_APPICON_NAME = AppIcon;
				ASSETCATALOG_COMPILER_GLOBAL_ACCENT_COLOR_NAME = AccentColor;
				CODE_SIGN_STYLE = Automatic;
				CURRENT_PROJECT_VERSION = 1;
				ENABLE_PREVIEWS = YES;
				GENERATE_INFOPLIST_FILE = YES;
				INFOPLIST_KEY_UIApplicationSceneManifest_Generation = YES;
				INFOPLIST_KEY_UIApplicationSupportsIndirectInputEvents = YES;
				INFOPLIST_KEY_UILaunchScreen_Generation = YES;
				INFOPLIST_KEY_UISupportedInterfaceOrientations_iPad = "UIInterfaceOrientationPortrait UIInterfaceOrientationPortraitUpsideDown UIInterfaceOrientationLandscapeLeft UIInterfaceOrientationLandscapeRight";
				INFOPLIST_KEY_UISupportedInterfaceOrientations_iPhone = "UIInterfaceOrientationPortrait UIInterfaceOrientationLandscapeLeft UIInterfaceOrientationLandscapeRight";
				IPHONEOS_DEPLOYMENT_TARGET = 16.6;
				LD_RUNPATH_SEARCH_PATHS = (
					"$(inherited)",
					"@executable_path/Frameworks",
				);
				MARKETING_VERSION = 1.0;
				PRODUCT_BUNDLE_IDENTIFIER = io.jaroshevskii.WiFiSettings;
				PRODUCT_NAME = "$(TARGET_NAME)";
				STRING_CATALOG_GENERATE_SYMBOLS = YES;
				SWIFT_APPROACHABLE_CONCURRENCY = YES;
				SWIFT_DEFAULT_ACTOR_ISOLATION = nonisolated;
				SWIFT_EMIT_LOC_STRINGS = YES;
				SWIFT_UPCOMING_FEATURE_MEMBER_IMPORT_VISIBILITY = YES;
				SWIFT_VERSION = 6.0;
				TARGETED_DEVICE_FAMILY = "1,2";
			};
			name = Debug;
		};
		BBF1FD172EB3EA270078AE4B /* Release */ = {
			isa = XCBuildConfiguration;
			buildSettings = {
				ASSETCATALOG_COMPILER_APPICON_NAME = AppIcon;
				ASSETCATALOG_COMPILER_GLOBAL_ACCENT_COLOR_NAME = AccentColor;
				CODE_SIGN_STYLE = Automatic;
				CURRENT_PROJECT_VERSION = 1;
				ENABLE_PREVIEWS = YES;
				GENERATE_INFOPLIST_FILE = YES;
				INFOPLIST_KEY_UIApplicationSceneManifest_Generation = YES;
				INFOPLIST_KEY_UIApplicationSupportsIndirectInputEvents = YES;
				INFOPLIST_KEY_UILaunchScreen_Generation = YES;
				INFOPLIST_KEY_UISupportedInterfaceOrientations_iPad = "UIInterfaceOrientationPortrait UIInterfaceOrientationPortraitUpsideDown UIInterfaceOrientationLandscapeLeft UIInterfaceOrientationLandscapeRight";
				INFOPLIST_KEY_UISupportedInterfaceOrientations_iPhone = "UIInterfaceOrientationPortrait UIInterfaceOrientationLandscapeLeft UIInterfaceOrientationLandscapeRight";
				IPHONEOS_DEPLOYMENT_TARGET = 16.6;
				LD_RUNPATH_SEARCH_PATHS = (
					"$(inherited)",
					"@executable_path/Frameworks",
				);
				MARKETING_VERSION = 1.0;
				PRODUCT_BUNDLE_IDENTIFIER = io.jaroshevskii.WiFiSettings;
				PRODUCT_NAME = "$(TARGET_NAME)";
				STRING_CATALOG_GENERATE_SYMBOLS = YES;
				SWIFT_APPROACHABLE_CONCURRENCY = YES;
				SWIFT_DEFAULT_ACTOR_ISOLATION = nonisolated;
				SWIFT_EMIT_LOC_STRINGS = YES;
				SWIFT_UPCOMING_FEATURE_MEMBER_IMPORT_VISIBILITY = YES;
				SWIFT_VERSION = 6.0;
				TARGETED_DEVICE_FAMILY = "1,2";
			};
			name = Release;
		};
		BBF1FD192EB3EA270078AE4B /* Debug */ = {
			isa = XCBuildConfiguration;
			buildSettings = {
				BUNDLE_LOADER = "$(TEST_HOST)";
				CODE_SIGN_STYLE = Automatic;
				CURRENT_PROJECT_VERSION = 1;
				GENERATE_INFOPLIST_FILE = YES;
				IPHONEOS_DEPLOYMENT_TARGET = 26.0;
				MARKETING_VERSION = 1.0;
				PRODUCT_BUNDLE_IDENTIFIER = io.jaroshevskii.WiFiSettingsTests;
				PRODUCT_NAME = "$(TARGET_NAME)";
				STRING_CATALOG_GENERATE_SYMBOLS = NO;
				SWIFT_APPROACHABLE_CONCURRENCY = YES;
				SWIFT_EMIT_LOC_STRINGS = NO;
				SWIFT_UPCOMING_FEATURE_MEMBER_IMPORT_VISIBILITY = YES;
				SWIFT_VERSION = 5.0;
				TARGETED_DEVICE_FAMILY = "1,2";
				TEST_HOST = "$(BUILT_PRODUCTS_DIR)/WiFiSettings.app/$(BUNDLE_EXECUTABLE_FOLDER_PATH)/WiFiSettings";
			};
			name = Debug;
		};
		BBF1FD1A2EB3EA270078AE4B /* Release */ = {
			isa = XCBuildConfiguration;
			buildSettings = {
				BUNDLE_LOADER = "$(TEST_HOST)";
				CODE_SIGN_STYLE = Automatic;
				CURRENT_PROJECT_VERSION = 1;
				GENERATE_INFOPLIST_FILE = YES;
				IPHONEOS_DEPLOYMENT_TARGET = 26.0;
				MARKETING_VERSION = 1.0;
				PRODUCT_BUNDLE_IDENTIFIER = io.jaroshevskii.WiFiSettingsTests;
				PRODUCT_NAME = "$(TARGET_NAME)";
				STRING_CATALOG_GENERATE_SYMBOLS = NO;
				SWIFT_APPROACHABLE_CONCURRENCY = YES;
				SWIFT_EMIT_LOC_STRINGS = NO;
				SWIFT_UPCOMING_FEATURE_MEMBER_IMPORT_VISIBILITY = YES;
				SWIFT_VERSION = 5.0;
				TARGETED_DEVICE_FAMILY = "1,2";
				TEST_HOST = "$(BUILT_PRODUCTS_DIR)/WiFiSettings.app/$(BUNDLE_EXECUTABLE_FOLDER_PATH)/WiFiSettings";
			};
			name = Release;
		};
		BBF1FD1C2EB3EA270078AE4B /* Debug */ = {
			isa = XCBuildConfiguration;
			buildSettings = {
				CODE_SIGN_STYLE = Automatic;
				CURRENT_PROJECT_VERSION = 1;
				GENERATE_INFOPLIST_FILE = YES;
				MARKETING_VERSION = 1.0;
				PRODUCT_BUNDLE_IDENTIFIER = io.jaroshevskii.WiFiSettingsUITests;
				PRODUCT_NAME = "$(TARGET_NAME)";
				STRING_CATALOG_GENERATE_SYMBOLS = NO;
				SWIFT_APPROACHABLE_CONCURRENCY = YES;
				SWIFT_EMIT_LOC_STRINGS = NO;
				SWIFT_UPCOMING_FEATURE_MEMBER_IMPORT_VISIBILITY = YES;
				SWIFT_VERSION = 5.0;
				TARGETED_DEVICE_FAMILY = "1,2";
				TEST_TARGET_NAME = WiFiSettings;
			};
			name = Debug;
		};
		BBF1FD1D2EB3EA270078AE4B /* Release */ = {
			isa = XCBuildConfiguration;
			buildSettings = {
				CODE_SIGN_STYLE = Automatic;
				CURRENT_PROJECT_VERSION = 1;
				GENERATE_INFOPLIST_FILE = YES;
				MARKETING_VERSION = 1.0;
				PRODUCT_BUNDLE_IDENTIFIER = io.jaroshevskii.WiFiSettingsUITests;
				PRODUCT_NAME = "$(TARGET_NAME)";
				STRING_CATALOG_GENERATE_SYMBOLS = NO;
				SWIFT_APPROACHABLE_CONCURRENCY = YES;
				SWIFT_EMIT_LOC_STRINGS = NO;
				SWIFT_UPCOMING_FEATURE_MEMBER_IMPORT_VISIBILITY = YES;
				SWIFT_VERSION = 5.0;
				TARGETED_DEVICE_FAMILY = "1,2";
				TEST_TARGET_NAME = WiFiSettings;
			};
			name = Release;
		};
/* End XCBuildConfiguration section */

/* Begin XCConfigurationList section */
		BBF1FCEF2EB3EA260078AE4B /* Build configuration list for PBXProject "WiFiSettings" */ = {
			isa = XCConfigurationList;
			buildConfigurations = (
				BBF1FD132EB3EA270078AE4B /* Debug */,
				BBF1FD142EB3EA270078AE4B /* Release */,
			);
			defaultConfigurationIsVisible = 0;
			defaultConfigurationName = Release;
		};
		BBF1FD152EB3EA270078AE4B /* Build configuration list for PBXNativeTarget "WiFiSettings" */ = {
			isa = XCConfigurationList;
			buildConfigurations = (
				BBF1FD162EB3EA270078AE4B /* Debug */,
				BBF1FD172EB3EA270078AE4B /* Release */,
			);
			defaultConfigurationIsVisible = 0;
			defaultConfigurationName = Release;
		};
		BBF1FD182EB3EA270078AE4B /* Build configuration list for PBXNativeTarget "WiFiSettingsTests" */ = {
			isa = XCConfigurationList;
			buildConfigurations = (
				BBF1FD192EB3EA270078AE4B /* Debug */,
				BBF1FD1A2EB3EA270078AE4B /* Release */,
			);
			defaultConfigurationIsVisible = 0;
			defaultConfigurationName = Release;
		};
		BBF1FD1B2EB3EA270078AE4B /* Build configuration list for PBXNativeTarget "WiFiSettingsUITests" */ = {
			isa = XCConfigurationList;
			buildConfigurations = (
				BBF1FD1C2EB3EA270078AE4B /* Debug */,
				BBF1FD1D2EB3EA270078AE4B /* Release */,
			);
			defaultConfigurationIsVisible = 0;
			defaultConfigurationName = Release;
		};
/* End XCConfigurationList section */

/* Begin XCRemoteSwiftPackageReference section */
		BBADA1092EB402DA006B5279 /* XCRemoteSwiftPackageReference "swift-navigation" */ = {
			isa = XCRemoteSwiftPackageReference;
			repositoryURL = "https://github.com/pointfreeco/swift-navigation.git";
			requirement = {
				kind = upToNextMajorVersion;
				minimumVersion = 2.6.0;
			};
		};
/* End XCRemoteSwiftPackageReference section */

/* Begin XCSwiftPackageProductDependency section */
		BBADA10A2EB402DA006B5279 /* UIKitNavigation */ = {
			isa = XCSwiftPackageProductDependency;
			package = BBADA1092EB402DA006B5279 /* XCRemoteSwiftPackageReference "swift-navigation" */;
			productName = UIKitNavigation;
		};
/* End XCSwiftPackageProductDependency section */
	};
	rootObject = BBF1FCEC2EB3EA260078AE4B /* Project object */;
}
